{
  "version": "5",
  "specifiers": {
    "jsr:@std/assert@^1.0.14": "1.0.19",
    "jsr:@std/internal@^1.0.12": "1.0.14",
    "npm:vscode-languageserver-protocol@^3.18.2": "3.18.2",
    "npm:vscode-languageserver-textdocument@^1.0.12": "1.0.12",
    "npm:vscode-languageserver-types@^3.18.0": "3.18.0",
    "npm:wordnet@2": "2.0.0"
  },
  "jsr": {
    "@std/assert@1.0.19": {
      "integrity": "eaada96ee120cb980bc47e040f82814d786fe8162ecc53c91d8df60b8755991e",
      "dependencies": [
        "jsr:@std/internal"
      ]
    },
    "@std/internal@1.0.14": {
      "integrity": "291516b3d4c35024d6ffbc0a9df5bf4c64116e05b50012cf846710152d2ffdf7"
    }
  },
  "npm": {
    "vscode-jsonrpc@9.0.1": {
      "integrity": "sha512-rfuA6T75H6m5EkbhtEPzre9pT0HPcDI2MMy4+nPFIBks5J8JBAUHD4tRYSgaBOijIEC7SRkC1kKyXTLqbmh9jw=="
    },
    "vscode-languageserver-protocol@3.18.2": {
      "integrity": "sha512-XRyDbT0Pp3sSNti3JmxVEUMySWCSi1hhM+/KUlCy1hV1zmrqpM1OwO12EAki8blhmLuIMpaJrYbo0OzGVfK2Qg==",
      "dependencies": [
        "vscode-jsonrpc",
        "vscode-languageserver-types"
      ]
    },
    "vscode-languageserver-textdocument@1.0.12": {
      "integrity": "sha512-cxWNPesCnQCcMPeenjKKsOCKQZ/L6Tv19DTRIGuLWe32lyzWhihGVJ/rcckZXJxfdKCFvRLS3fpBIsV/ZGX4zA=="
    },
    "vscode-languageserver-types@3.18.0": {
      "integrity": "sha512-8TsGPNMIMiiBdkORgRSvLjuiEIiAFtO+KssmYWxQ+uSVvlf7RjK8YKCOjPzZ+YA04jXEV7+7LvkSmHkhpNS99g=="
    },
    "wordnet@2.0.0": {
      "integrity": "sha512-VQOEUBHU6drwXGQx37bVaRqi042IZ8NwJiT9qLtM2x1QzqgIJIRoyZa++rWrUvICK+tYz9ttfYFk1c8IiN6DVQ=="
    }
  },
  "remote": {
    "https://raw.githubusercontent.com/atusy/tsudoi-language-server/2452e1c/packages/tsudoi-completion-document/src/around.ts": "7ed34a970920db164c3dd1b6d6191bc30ac1fbe5ba7672f674daa353547408f3",
    "https://raw.githubusercontent.com/atusy/tsudoi-language-server/2452e1c/packages/tsudoi-completion-document/src/corpus.ts": "84377ce4761f251d19b559eeca955c1e0c4e648a1dad29bd6e8fb63854fa3537",
    "https://raw.githubusercontent.com/atusy/tsudoi-language-server/2452e1c/packages/tsudoi-completion-document/src/index.ts": "2f8336e053fe06e2fec484cf02506f7fd2fe077caf44aff7b7cc66ad9f4484ab",
    "https://raw.githubusercontent.com/atusy/tsudoi-language-server/2452e1c/packages/tsudoi-completion-document/src/scanners.ts": "43cf362f0fc134bd6195adfcad8e26cfd69145320cbbb6d8aa856b7d70f0ddfd",
    "https://raw.githubusercontent.com/atusy/tsudoi-language-server/2452e1c/packages/tsudoi-completion-document/src/words.ts": "d1f535043707879344d5c197d16fce191f21897748cdaa5920ea3c4740a2170b",
    "https://raw.githubusercontent.com/atusy/tsudoi-language-server/2452e1c/packages/tsudoi-completion-path/src/completion.ts": "e7b445ccad6a60d01e83e070886bd247cb1ec20500c3ec8ae3499e93a1cb0a82",
    "https://raw.githubusercontent.com/atusy/tsudoi-language-server/2452e1c/packages/tsudoi-completion-path/src/index.ts": "2fd74fdd840852acd3753ed65031b3e71d552c9a0e956e86d0ad7110aae2442a",
    "https://raw.githubusercontent.com/atusy/tsudoi-language-server/2452e1c/packages/tsudoi-completion-path/src/resolve.ts": "07c69cad9b8c56f271707fab3acbe7878699ddd46f09d3d4535a5093764a5d7e",
    "https://raw.githubusercontent.com/atusy/tsudoi-language-server/2452e1c/packages/tsudoi-hover-wordnet/src/hover.ts": "4d528f2af590f39e5a2044cc054d5f714a341ab17399a882f700014c968ee198",
    "https://raw.githubusercontent.com/atusy/tsudoi-language-server/2452e1c/packages/tsudoi-hover-wordnet/src/index.ts": "f834b629b037445a0066bf00b6c91e2459ed24bdf9f9569b56c5e7aa9874512b",
    "https://raw.githubusercontent.com/atusy/tsudoi-language-server/2452e1c/packages/tsudoi-language-server/src/cli.ts": "e7eec4e2f64f10ac013453d7599b3d0cfb6e8a2df73f2a5a43f1623de542b355",
    "https://raw.githubusercontent.com/atusy/tsudoi-language-server/2452e1c/packages/tsudoi-language-server/src/config.ts": "49940bbfe4cf484493c259be2c4e4a0eecaa091dbb4ed8b0cbc22241d2afc656",
    "https://raw.githubusercontent.com/atusy/tsudoi-language-server/2452e1c/packages/tsudoi-language-server/src/deps/protocol.ts": "55e6b6c783c2f80ae91656762517cf80c409a97786c8d8ac485601fd7a478d2b",
    "https://raw.githubusercontent.com/atusy/tsudoi-language-server/2452e1c/packages/tsudoi-language-server/src/deps/types.ts": "4eacb29155f0419de446b6ed955cb326eb05a6205d3ee2602540bb911e64f103",
    "https://raw.githubusercontent.com/atusy/tsudoi-language-server/2452e1c/packages/tsudoi-language-server/src/documents.ts": "052f9b7966f5f2de4dfcbf4f9e1b7cd2b2add8c074c37cda99dee6127fc70402",
    "https://raw.githubusercontent.com/atusy/tsudoi-language-server/2452e1c/packages/tsudoi-language-server/src/lifecycle.ts": "4bfb5da54b340d2927d09687020334098e1277c157abd3fc0f7da2b4e12f38bf",
    "https://raw.githubusercontent.com/atusy/tsudoi-language-server/2452e1c/packages/tsudoi-language-server/src/methods.ts": "b3c55f5b9da51076a783e93b403557bdceca4c3bc3aeb6334a0a358d165986e8",
    "https://raw.githubusercontent.com/atusy/tsudoi-language-server/2452e1c/packages/tsudoi-language-server/src/notifications.ts": "fc5816bd59920e467f066acb774f504a6bb22fd701cf1d308f2825467375c47d",
    "https://raw.githubusercontent.com/atusy/tsudoi-language-server/2452e1c/packages/tsudoi-language-server/src/server.ts": "65009e7daacbbc5d3a2a1ee8b60f25aaff10b85a3853ee9075d27563050d154e",
    "https://raw.githubusercontent.com/atusy/tsudoi-language-server/2452e1c/packages/tsudoi-language-server/src/tsudoi.ts": "cf054d3f2a2781f5b8ad7f239588f4d0d4b942ced427fb9f5d5879cc83b8bd60",
    "https://raw.githubusercontent.com/atusy/tsudoi-language-server/2452e1c/packages/tsudoi-language-server/src/types.ts": "1edde63abb62971dca8d981c18705e2c26cd74da2b2145dc2a75672305044055",
    "https://raw.githubusercontent.com/atusy/tsudoi-language-server/2452e1c/packages/tsudoi-language-server/src/watchdog.ts": "c3ed7d0e04eef237fe00bee771684b0801b633e4903bf0a6edd2f199559f86e7",
    "https://raw.githubusercontent.com/atusy/tsudoi-language-server/2452e1c/packages/tsudoi-language-server/src/workspace.ts": "8170dc3e2c3eba39b4bc152f52169394119f56dbf22da371821cbf642093a4cb",
    "https://raw.githubusercontent.com/atusy/tsudoi-language-server/8cb4b86/packages/tsudoi-completion-document/src/around.ts": "fe9da756c446bb8f761354f22c2660db190999d6135b83b4470db0a9a21809aa",
    "https://raw.githubusercontent.com/atusy/tsudoi-language-server/8cb4b86/packages/tsudoi-completion-document/src/corpus.ts": "1b68db9302adbd4d72366f0d62b7dc1eff16f1e8ae8065586d191e8dc42f9c89",
    "https://raw.githubusercontent.com/atusy/tsudoi-language-server/8cb4b86/packages/tsudoi-completion-document/src/filters.ts": "3239f0a82ff81ad101b12b883bc8b4b19eea922c38e15fdd10a9cf0377af16c2",
    "https://raw.githubusercontent.com/atusy/tsudoi-language-server/8cb4b86/packages/tsudoi-completion-document/src/index.ts": "e4b5138155fa157775f8cb699085675de4cc087587e1c36713d5a379e5350b29",
    "https://raw.githubusercontent.com/atusy/tsudoi-language-server/8cb4b86/packages/tsudoi-completion-document/src/scanners.ts": "b893e4fa3b235b12ccc1f9c812d191dcf1fd4a92d1bf7b908f486dddd32dbf7f",
    "https://raw.githubusercontent.com/atusy/tsudoi-language-server/8cb4b86/packages/tsudoi-completion-document/src/words.ts": "55ff0ad9529def9781e9aa44b627261badeae3b6842cee2066cfe2100ff6a8a1",
    "https://raw.githubusercontent.com/atusy/tsudoi-language-server/8cb4b86/packages/tsudoi-completion-path/src/completion.ts": "e7b445ccad6a60d01e83e070886bd247cb1ec20500c3ec8ae3499e93a1cb0a82",
    "https://raw.githubusercontent.com/atusy/tsudoi-language-server/8cb4b86/packages/tsudoi-completion-path/src/index.ts": "2fd74fdd840852acd3753ed65031b3e71d552c9a0e956e86d0ad7110aae2442a",
    "https://raw.githubusercontent.com/atusy/tsudoi-language-server/8cb4b86/packages/tsudoi-completion-path/src/resolve.ts": "07c69cad9b8c56f271707fab3acbe7878699ddd46f09d3d4535a5093764a5d7e",
    "https://raw.githubusercontent.com/atusy/tsudoi-language-server/8cb4b86/packages/tsudoi-hover-wordnet/src/hover.ts": "4d528f2af590f39e5a2044cc054d5f714a341ab17399a882f700014c968ee198",
    "https://raw.githubusercontent.com/atusy/tsudoi-language-server/8cb4b86/packages/tsudoi-hover-wordnet/src/index.ts": "f834b629b037445a0066bf00b6c91e2459ed24bdf9f9569b56c5e7aa9874512b",
    "https://raw.githubusercontent.com/atusy/tsudoi-language-server/8cb4b86/packages/tsudoi-language-server/src/cli.ts": "e7eec4e2f64f10ac013453d7599b3d0cfb6e8a2df73f2a5a43f1623de542b355",
    "https://raw.githubusercontent.com/atusy/tsudoi-language-server/8cb4b86/packages/tsudoi-language-server/src/config.ts": "49940bbfe4cf484493c259be2c4e4a0eecaa091dbb4ed8b0cbc22241d2afc656",
    "https://raw.githubusercontent.com/atusy/tsudoi-language-server/8cb4b86/packages/tsudoi-language-server/src/deps/protocol.ts": "55e6b6c783c2f80ae91656762517cf80c409a97786c8d8ac485601fd7a478d2b",
    "https://raw.githubusercontent.com/atusy/tsudoi-language-server/8cb4b86/packages/tsudoi-language-server/src/deps/types.ts": "4eacb29155f0419de446b6ed955cb326eb05a6205d3ee2602540bb911e64f103",
    "https://raw.githubusercontent.com/atusy/tsudoi-language-server/8cb4b86/packages/tsudoi-language-server/src/documents.ts": "052f9b7966f5f2de4dfcbf4f9e1b7cd2b2add8c074c37cda99dee6127fc70402",
    "https://raw.githubusercontent.com/atusy/tsudoi-language-server/8cb4b86/packages/tsudoi-language-server/src/lifecycle.ts": "4bfb5da54b340d2927d09687020334098e1277c157abd3fc0f7da2b4e12f38bf",
    "https://raw.githubusercontent.com/atusy/tsudoi-language-server/8cb4b86/packages/tsudoi-language-server/src/methods.ts": "b3c55f5b9da51076a783e93b403557bdceca4c3bc3aeb6334a0a358d165986e8",
    "https://raw.githubusercontent.com/atusy/tsudoi-language-server/8cb4b86/packages/tsudoi-language-server/src/notifications.ts": "fc5816bd59920e467f066acb774f504a6bb22fd701cf1d308f2825467375c47d",
    "https://raw.githubusercontent.com/atusy/tsudoi-language-server/8cb4b86/packages/tsudoi-language-server/src/server.ts": "65009e7daacbbc5d3a2a1ee8b60f25aaff10b85a3853ee9075d27563050d154e",
    "https://raw.githubusercontent.com/atusy/tsudoi-language-server/8cb4b86/packages/tsudoi-language-server/src/tsudoi.ts": "cf054d3f2a2781f5b8ad7f239588f4d0d4b942ced427fb9f5d5879cc83b8bd60",
    "https://raw.githubusercontent.com/atusy/tsudoi-language-server/8cb4b86/packages/tsudoi-language-server/src/types.ts": "1edde63abb62971dca8d981c18705e2c26cd74da2b2145dc2a75672305044055",
    "https://raw.githubusercontent.com/atusy/tsudoi-language-server/8cb4b86/packages/tsudoi-language-server/src/watchdog.ts": "c3ed7d0e04eef237fe00bee771684b0801b633e4903bf0a6edd2f199559f86e7",
    "https://raw.githubusercontent.com/atusy/tsudoi-language-server/8cb4b86/packages/tsudoi-language-server/src/workspace.ts": "8170dc3e2c3eba39b4bc152f52169394119f56dbf22da371821cbf642093a4cb",
    "https://raw.githubusercontent.com/atusy/tsudoi-language-server/91b3855/packages/tsudoi-completion-document/src/around.ts": "fe9da756c446bb8f761354f22c2660db190999d6135b83b4470db0a9a21809aa",
    "https://raw.githubusercontent.com/atusy/tsudoi-language-server/91b3855/packages/tsudoi-completion-document/src/corpus.ts": "1b68db9302adbd4d72366f0d62b7dc1eff16f1e8ae8065586d191e8dc42f9c89",
    "https://raw.githubusercontent.com/atusy/tsudoi-language-server/91b3855/packages/tsudoi-completion-document/src/filters.ts": "255e2e6319db1e616dc3a89bdc674720139e920f3005de50dec5743eec3bc123",
    "https://raw.githubusercontent.com/atusy/tsudoi-language-server/91b3855/packages/tsudoi-completion-document/src/index.ts": "89014ecf1dd41d7b77a02389636a8356237f715c1aaa06b52f8cc677a08cfbb9",
    "https://raw.githubusercontent.com/atusy/tsudoi-language-server/91b3855/packages/tsudoi-completion-document/src/scanners.ts": "b893e4fa3b235b12ccc1f9c812d191dcf1fd4a92d1bf7b908f486dddd32dbf7f",
    "https://raw.githubusercontent.com/atusy/tsudoi-language-server/91b3855/packages/tsudoi-completion-document/src/words.ts": "85e0f501db2dc88f5abb9e8e6ed3d720f902756a2ae8a32497856e62767fd7c9",
    "https://raw.githubusercontent.com/atusy/tsudoi-language-server/91b3855/packages/tsudoi-completion-path/src/completion.ts": "e7b445ccad6a60d01e83e070886bd247cb1ec20500c3ec8ae3499e93a1cb0a82",
    "https://raw.githubusercontent.com/atusy/tsudoi-language-server/91b3855/packages/tsudoi-completion-path/src/index.ts": "2fd74fdd840852acd3753ed65031b3e71d552c9a0e956e86d0ad7110aae2442a",
    "https://raw.githubusercontent.com/atusy/tsudoi-language-server/91b3855/packages/tsudoi-completion-path/src/resolve.ts": "07c69cad9b8c56f271707fab3acbe7878699ddd46f09d3d4535a5093764a5d7e",
    "https://raw.githubusercontent.com/atusy/tsudoi-language-server/91b3855/packages/tsudoi-hover-wordnet/src/hover.ts": "4d528f2af590f39e5a2044cc054d5f714a341ab17399a882f700014c968ee198",
    "https://raw.githubusercontent.com/atusy/tsudoi-language-server/91b3855/packages/tsudoi-hover-wordnet/src/index.ts": "f834b629b037445a0066bf00b6c91e2459ed24bdf9f9569b56c5e7aa9874512b",
    "https://raw.githubusercontent.com/atusy/tsudoi-language-server/91b3855/packages/tsudoi-language-server/src/cli.ts": "e7eec4e2f64f10ac013453d7599b3d0cfb6e8a2df73f2a5a43f1623de542b355",
    "https://raw.githubusercontent.com/atusy/tsudoi-language-server/91b3855/packages/tsudoi-language-server/src/config.ts": "49940bbfe4cf484493c259be2c4e4a0eecaa091dbb4ed8b0cbc22241d2afc656",
    "https://raw.githubusercontent.com/atusy/tsudoi-language-server/91b3855/packages/tsudoi-language-server/src/deps/protocol.ts": "55e6b6c783c2f80ae91656762517cf80c409a97786c8d8ac485601fd7a478d2b",
    "https://raw.githubusercontent.com/atusy/tsudoi-language-server/91b3855/packages/tsudoi-language-server/src/deps/types.ts": "4eacb29155f0419de446b6ed955cb326eb05a6205d3ee2602540bb911e64f103",
    "https://raw.githubusercontent.com/atusy/tsudoi-language-server/91b3855/packages/tsudoi-language-server/src/documents.ts": "052f9b7966f5f2de4dfcbf4f9e1b7cd2b2add8c074c37cda99dee6127fc70402",
    "https://raw.githubusercontent.com/atusy/tsudoi-language-server/91b3855/packages/tsudoi-language-server/src/lifecycle.ts": "4bfb5da54b340d2927d09687020334098e1277c157abd3fc0f7da2b4e12f38bf",
    "https://raw.githubusercontent.com/atusy/tsudoi-language-server/91b3855/packages/tsudoi-language-server/src/methods.ts": "b3c55f5b9da51076a783e93b403557bdceca4c3bc3aeb6334a0a358d165986e8",
    "https://raw.githubusercontent.com/atusy/tsudoi-language-server/91b3855/packages/tsudoi-language-server/src/notifications.ts": "fc5816bd59920e467f066acb774f504a6bb22fd701cf1d308f2825467375c47d",
    "https://raw.githubusercontent.com/atusy/tsudoi-language-server/91b3855/packages/tsudoi-language-server/src/server.ts": "65009e7daacbbc5d3a2a1ee8b60f25aaff10b85a3853ee9075d27563050d154e",
    "https://raw.githubusercontent.com/atusy/tsudoi-language-server/91b3855/packages/tsudoi-language-server/src/tsudoi.ts": "cf054d3f2a2781f5b8ad7f239588f4d0d4b942ced427fb9f5d5879cc83b8bd60",
    "https://raw.githubusercontent.com/atusy/tsudoi-language-server/91b3855/packages/tsudoi-language-server/src/types.ts": "1edde63abb62971dca8d981c18705e2c26cd74da2b2145dc2a75672305044055",
    "https://raw.githubusercontent.com/atusy/tsudoi-language-server/91b3855/packages/tsudoi-language-server/src/watchdog.ts": "c3ed7d0e04eef237fe00bee771684b0801b633e4903bf0a6edd2f199559f86e7",
    "https://raw.githubusercontent.com/atusy/tsudoi-language-server/91b3855/packages/tsudoi-language-server/src/workspace.ts": "8170dc3e2c3eba39b4bc152f52169394119f56dbf22da371821cbf642093a4cb",
    "https://raw.githubusercontent.com/atusy/tsudoi-language-server/9bf638e/packages/tsudoi-completion-document/src/around.ts": "ab72b396ec52e90991c6ba0290c79bbf011a8325c7fd3dfd28388e1d4f1ddba6",
    "https://raw.githubusercontent.com/atusy/tsudoi-language-server/9bf638e/packages/tsudoi-completion-document/src/corpus.ts": "fce4309728dfe25b49fa3880951c061160d17fd0c7d1a51b6a86089734263007",
    "https://raw.githubusercontent.com/atusy/tsudoi-language-server/9bf638e/packages/tsudoi-completion-document/src/index.ts": "a039b5530a3b9c042b6b3e7766ef9d07fa9e1aed8b506967d7fb1e877fae7f20",
    "https://raw.githubusercontent.com/atusy/tsudoi-language-server/9bf638e/packages/tsudoi-completion-document/src/words.ts": "56dab95f8673f74a290587cdaf9762f9816c0e8e448826064e9f6775cd97fad6",
    "https://raw.githubusercontent.com/atusy/tsudoi-language-server/9bf638e/packages/tsudoi-completion-path/src/completion.ts": "e7b445ccad6a60d01e83e070886bd247cb1ec20500c3ec8ae3499e93a1cb0a82",
    "https://raw.githubusercontent.com/atusy/tsudoi-language-server/9bf638e/packages/tsudoi-completion-path/src/index.ts": "2fd74fdd840852acd3753ed65031b3e71d552c9a0e956e86d0ad7110aae2442a",
    "https://raw.githubusercontent.com/atusy/tsudoi-language-server/9bf638e/packages/tsudoi-completion-path/src/resolve.ts": "07c69cad9b8c56f271707fab3acbe7878699ddd46f09d3d4535a5093764a5d7e",
    "https://raw.githubusercontent.com/atusy/tsudoi-language-server/9bf638e/packages/tsudoi-hover-wordnet/src/hover.ts": "4d528f2af590f39e5a2044cc054d5f714a341ab17399a882f700014c968ee198",
    "https://raw.githubusercontent.com/atusy/tsudoi-language-server/9bf638e/packages/tsudoi-hover-wordnet/src/index.ts": "f834b629b037445a0066bf00b6c91e2459ed24bdf9f9569b56c5e7aa9874512b",
    "https://raw.githubusercontent.com/atusy/tsudoi-language-server/9bf638e/packages/tsudoi-language-server/src/cli.ts": "e7eec4e2f64f10ac013453d7599b3d0cfb6e8a2df73f2a5a43f1623de542b355",
    "https://raw.githubusercontent.com/atusy/tsudoi-language-server/9bf638e/packages/tsudoi-language-server/src/config.ts": "49940bbfe4cf484493c259be2c4e4a0eecaa091dbb4ed8b0cbc22241d2afc656",
    "https://raw.githubusercontent.com/atusy/tsudoi-language-server/9bf638e/packages/tsudoi-language-server/src/deps/protocol.ts": "55e6b6c783c2f80ae91656762517cf80c409a97786c8d8ac485601fd7a478d2b",
    "https://raw.githubusercontent.com/atusy/tsudoi-language-server/9bf638e/packages/tsudoi-language-server/src/deps/types.ts": "4eacb29155f0419de446b6ed955cb326eb05a6205d3ee2602540bb911e64f103",
    "https://raw.githubusercontent.com/atusy/tsudoi-language-server/9bf638e/packages/tsudoi-language-server/src/documents.ts": "052f9b7966f5f2de4dfcbf4f9e1b7cd2b2add8c074c37cda99dee6127fc70402",
    "https://raw.githubusercontent.com/atusy/tsudoi-language-server/9bf638e/packages/tsudoi-language-server/src/lifecycle.ts": "4bfb5da54b340d2927d09687020334098e1277c157abd3fc0f7da2b4e12f38bf",
    "https://raw.githubusercontent.com/atusy/tsudoi-language-server/9bf638e/packages/tsudoi-language-server/src/methods.ts": "b3c55f5b9da51076a783e93b403557bdceca4c3bc3aeb6334a0a358d165986e8",
    "https://raw.githubusercontent.com/atusy/tsudoi-language-server/9bf638e/packages/tsudoi-language-server/src/notifications.ts": "fc5816bd59920e467f066acb774f504a6bb22fd701cf1d308f2825467375c47d",
    "https://raw.githubusercontent.com/atusy/tsudoi-language-server/9bf638e/packages/tsudoi-language-server/src/server.ts": "65009e7daacbbc5d3a2a1ee8b60f25aaff10b85a3853ee9075d27563050d154e",
    "https://raw.githubusercontent.com/atusy/tsudoi-language-server/9bf638e/packages/tsudoi-language-server/src/tsudoi.ts": "cf054d3f2a2781f5b8ad7f239588f4d0d4b942ced427fb9f5d5879cc83b8bd60",
    "https://raw.githubusercontent.com/atusy/tsudoi-language-server/9bf638e/packages/tsudoi-language-server/src/types.ts": "1edde63abb62971dca8d981c18705e2c26cd74da2b2145dc2a75672305044055",
    "https://raw.githubusercontent.com/atusy/tsudoi-language-server/9bf638e/packages/tsudoi-language-server/src/watchdog.ts": "c3ed7d0e04eef237fe00bee771684b0801b633e4903bf0a6edd2f199559f86e7",
    "https://raw.githubusercontent.com/atusy/tsudoi-language-server/9bf638e/packages/tsudoi-language-server/src/workspace.ts": "8170dc3e2c3eba39b4bc152f52169394119f56dbf22da371821cbf642093a4cb",
    "https://raw.githubusercontent.com/atusy/tsudoi-language-server/cd5a271/packages/tsudoi-completion-document/src/around.ts": "fe9da756c446bb8f761354f22c2660db190999d6135b83b4470db0a9a21809aa",
    "https://raw.githubusercontent.com/atusy/tsudoi-language-server/cd5a271/packages/tsudoi-completion-document/src/corpus.ts": "1b68db9302adbd4d72366f0d62b7dc1eff16f1e8ae8065586d191e8dc42f9c89",
    "https://raw.githubusercontent.com/atusy/tsudoi-language-server/cd5a271/packages/tsudoi-completion-document/src/filters.ts": "308514245796ceb539671fe8d5296c73241386535aa6963475eb335e9a25258b",
    "https://raw.githubusercontent.com/atusy/tsudoi-language-server/cd5a271/packages/tsudoi-completion-document/src/index.ts": "89014ecf1dd41d7b77a02389636a8356237f715c1aaa06b52f8cc677a08cfbb9",
    "https://raw.githubusercontent.com/atusy/tsudoi-language-server/cd5a271/packages/tsudoi-completion-document/src/scanners.ts": "b893e4fa3b235b12ccc1f9c812d191dcf1fd4a92d1bf7b908f486dddd32dbf7f",
    "https://raw.githubusercontent.com/atusy/tsudoi-language-server/cd5a271/packages/tsudoi-completion-document/src/words.ts": "85e0f501db2dc88f5abb9e8e6ed3d720f902756a2ae8a32497856e62767fd7c9",
    "https://raw.githubusercontent.com/atusy/tsudoi-language-server/cd5a271/packages/tsudoi-completion-path/src/completion.ts": "e7b445ccad6a60d01e83e070886bd247cb1ec20500c3ec8ae3499e93a1cb0a82",
    "https://raw.githubusercontent.com/atusy/tsudoi-language-server/cd5a271/packages/tsudoi-completion-path/src/index.ts": "2fd74fdd840852acd3753ed65031b3e71d552c9a0e956e86d0ad7110aae2442a",
    "https://raw.githubusercontent.com/atusy/tsudoi-language-server/cd5a271/packages/tsudoi-completion-path/src/resolve.ts": "07c69cad9b8c56f271707fab3acbe7878699ddd46f09d3d4535a5093764a5d7e",
    "https://raw.githubusercontent.com/atusy/tsudoi-language-server/cd5a271/packages/tsudoi-hover-wordnet/src/hover.ts": "4d528f2af590f39e5a2044cc054d5f714a341ab17399a882f700014c968ee198",
    "https://raw.githubusercontent.com/atusy/tsudoi-language-server/cd5a271/packages/tsudoi-hover-wordnet/src/index.ts": "f834b629b037445a0066bf00b6c91e2459ed24bdf9f9569b56c5e7aa9874512b",
    "https://raw.githubusercontent.com/atusy/tsudoi-language-server/cd5a271/packages/tsudoi-language-server/src/cli.ts": "e7eec4e2f64f10ac013453d7599b3d0cfb6e8a2df73f2a5a43f1623de542b355",
    "https://raw.githubusercontent.com/atusy/tsudoi-language-server/cd5a271/packages/tsudoi-language-server/src/config.ts": "49940bbfe4cf484493c259be2c4e4a0eecaa091dbb4ed8b0cbc22241d2afc656",
    "https://raw.githubusercontent.com/atusy/tsudoi-language-server/cd5a271/packages/tsudoi-language-server/src/deps/protocol.ts": "55e6b6c783c2f80ae91656762517cf80c409a97786c8d8ac485601fd7a478d2b",
    "https://raw.githubusercontent.com/atusy/tsudoi-language-server/cd5a271/packages/tsudoi-language-server/src/deps/types.ts": "4eacb29155f0419de446b6ed955cb326eb05a6205d3ee2602540bb911e64f103",
    "https://raw.githubusercontent.com/atusy/tsudoi-language-server/cd5a271/packages/tsudoi-language-server/src/documents.ts": "052f9b7966f5f2de4dfcbf4f9e1b7cd2b2add8c074c37cda99dee6127fc70402",
    "https://raw.githubusercontent.com/atusy/tsudoi-language-server/cd5a271/packages/tsudoi-language-server/src/lifecycle.ts": "4bfb5da54b340d2927d09687020334098e1277c157abd3fc0f7da2b4e12f38bf",
    "https://raw.githubusercontent.com/atusy/tsudoi-language-server/cd5a271/packages/tsudoi-language-server/src/methods.ts": "b3c55f5b9da51076a783e93b403557bdceca4c3bc3aeb6334a0a358d165986e8",
    "https://raw.githubusercontent.com/atusy/tsudoi-language-server/cd5a271/packages/tsudoi-language-server/src/notifications.ts": "fc5816bd59920e467f066acb774f504a6bb22fd701cf1d308f2825467375c47d",
    "https://raw.githubusercontent.com/atusy/tsudoi-language-server/cd5a271/packages/tsudoi-language-server/src/server.ts": "65009e7daacbbc5d3a2a1ee8b60f25aaff10b85a3853ee9075d27563050d154e",
    "https://raw.githubusercontent.com/atusy/tsudoi-language-server/cd5a271/packages/tsudoi-language-server/src/tsudoi.ts": "cf054d3f2a2781f5b8ad7f239588f4d0d4b942ced427fb9f5d5879cc83b8bd60",
    "https://raw.githubusercontent.com/atusy/tsudoi-language-server/cd5a271/packages/tsudoi-language-server/src/types.ts": "1edde63abb62971dca8d981c18705e2c26cd74da2b2145dc2a75672305044055",
    "https://raw.githubusercontent.com/atusy/tsudoi-language-server/cd5a271/packages/tsudoi-language-server/src/watchdog.ts": "c3ed7d0e04eef237fe00bee771684b0801b633e4903bf0a6edd2f199559f86e7",
    "https://raw.githubusercontent.com/atusy/tsudoi-language-server/cd5a271/packages/tsudoi-language-server/src/workspace.ts": "8170dc3e2c3eba39b4bc152f52169394119f56dbf22da371821cbf642093a4cb",
    "https://raw.githubusercontent.com/atusy/tsudoi-language-server/dcca76b/packages/tsudoi-completion-document/src/around.ts": "d88b6029835e93a4f72a04bf2533a55d0f446164bce29b8225f4ab7b225b69c7",
    "https://raw.githubusercontent.com/atusy/tsudoi-language-server/dcca76b/packages/tsudoi-completion-document/src/corpus.ts": "1b68db9302adbd4d72366f0d62b7dc1eff16f1e8ae8065586d191e8dc42f9c89",
    "https://raw.githubusercontent.com/atusy/tsudoi-language-server/dcca76b/packages/tsudoi-completion-document/src/filters.ts": "255e2e6319db1e616dc3a89bdc674720139e920f3005de50dec5743eec3bc123",
    "https://raw.githubusercontent.com/atusy/tsudoi-language-server/dcca76b/packages/tsudoi-completion-document/src/index.ts": "89014ecf1dd41d7b77a02389636a8356237f715c1aaa06b52f8cc677a08cfbb9",
    "https://raw.githubusercontent.com/atusy/tsudoi-language-server/dcca76b/packages/tsudoi-completion-document/src/scanners.ts": "b893e4fa3b235b12ccc1f9c812d191dcf1fd4a92d1bf7b908f486dddd32dbf7f",
    "https://raw.githubusercontent.com/atusy/tsudoi-language-server/dcca76b/packages/tsudoi-completion-document/src/words.ts": "85e0f501db2dc88f5abb9e8e6ed3d720f902756a2ae8a32497856e62767fd7c9",
    "https://raw.githubusercontent.com/atusy/tsudoi-language-server/dcca76b/packages/tsudoi-completion-path/src/completion.ts": "e7b445ccad6a60d01e83e070886bd247cb1ec20500c3ec8ae3499e93a1cb0a82",
    "https://raw.githubusercontent.com/atusy/tsudoi-language-server/dcca76b/packages/tsudoi-completion-path/src/index.ts": "2fd74fdd840852acd3753ed65031b3e71d552c9a0e956e86d0ad7110aae2442a",
    "https://raw.githubusercontent.com/atusy/tsudoi-language-server/dcca76b/packages/tsudoi-completion-path/src/resolve.ts": "07c69cad9b8c56f271707fab3acbe7878699ddd46f09d3d4535a5093764a5d7e",
    "https://raw.githubusercontent.com/atusy/tsudoi-language-server/dcca76b/packages/tsudoi-hover-wordnet/src/hover.ts": "4d528f2af590f39e5a2044cc054d5f714a341ab17399a882f700014c968ee198",
    "https://raw.githubusercontent.com/atusy/tsudoi-language-server/dcca76b/packages/tsudoi-hover-wordnet/src/index.ts": "f834b629b037445a0066bf00b6c91e2459ed24bdf9f9569b56c5e7aa9874512b",
    "https://raw.githubusercontent.com/atusy/tsudoi-language-server/dcca76b/packages/tsudoi-language-server/src/cli.ts": "e7eec4e2f64f10ac013453d7599b3d0cfb6e8a2df73f2a5a43f1623de542b355",
    "https://raw.githubusercontent.com/atusy/tsudoi-language-server/dcca76b/packages/tsudoi-language-server/src/config.ts": "49940bbfe4cf484493c259be2c4e4a0eecaa091dbb4ed8b0cbc22241d2afc656",
    "https://raw.githubusercontent.com/atusy/tsudoi-language-server/dcca76b/packages/tsudoi-language-server/src/deps/protocol.ts": "55e6b6c783c2f80ae91656762517cf80c409a97786c8d8ac485601fd7a478d2b",
    "https://raw.githubusercontent.com/atusy/tsudoi-language-server/dcca76b/packages/tsudoi-language-server/src/deps/types.ts": "4eacb29155f0419de446b6ed955cb326eb05a6205d3ee2602540bb911e64f103",
    "https://raw.githubusercontent.com/atusy/tsudoi-language-server/dcca76b/packages/tsudoi-language-server/src/documents.ts": "052f9b7966f5f2de4dfcbf4f9e1b7cd2b2add8c074c37cda99dee6127fc70402",
    "https://raw.githubusercontent.com/atusy/tsudoi-language-server/dcca76b/packages/tsudoi-language-server/src/lifecycle.ts": "4bfb5da54b340d2927d09687020334098e1277c157abd3fc0f7da2b4e12f38bf",
    "https://raw.githubusercontent.com/atusy/tsudoi-language-server/dcca76b/packages/tsudoi-language-server/src/methods.ts": "b3c55f5b9da51076a783e93b403557bdceca4c3bc3aeb6334a0a358d165986e8",
    "https://raw.githubusercontent.com/atusy/tsudoi-language-server/dcca76b/packages/tsudoi-language-server/src/notifications.ts": "fc5816bd59920e467f066acb774f504a6bb22fd701cf1d308f2825467375c47d",
    "https://raw.githubusercontent.com/atusy/tsudoi-language-server/dcca76b/packages/tsudoi-language-server/src/server.ts": "65009e7daacbbc5d3a2a1ee8b60f25aaff10b85a3853ee9075d27563050d154e",
    "https://raw.githubusercontent.com/atusy/tsudoi-language-server/dcca76b/packages/tsudoi-language-server/src/tsudoi.ts": "cf054d3f2a2781f5b8ad7f239588f4d0d4b942ced427fb9f5d5879cc83b8bd60",
    "https://raw.githubusercontent.com/atusy/tsudoi-language-server/dcca76b/packages/tsudoi-language-server/src/types.ts": "1edde63abb62971dca8d981c18705e2c26cd74da2b2145dc2a75672305044055",
    "https://raw.githubusercontent.com/atusy/tsudoi-language-server/dcca76b/packages/tsudoi-language-server/src/watchdog.ts": "c3ed7d0e04eef237fe00bee771684b0801b633e4903bf0a6edd2f199559f86e7",
    "https://raw.githubusercontent.com/atusy/tsudoi-language-server/dcca76b/packages/tsudoi-language-server/src/workspace.ts": "8170dc3e2c3eba39b4bc152f52169394119f56dbf22da371821cbf642093a4cb",
    "https://raw.githubusercontent.com/atusy/tsudoi-language-server/e9f6ad2/packages/tsudoi-completion-document/src/around.ts": "d88b6029835e93a4f72a04bf2533a55d0f446164bce29b8225f4ab7b225b69c7",
    "https://raw.githubusercontent.com/atusy/tsudoi-language-server/e9f6ad2/packages/tsudoi-completion-document/src/corpus.ts": "1b68db9302adbd4d72366f0d62b7dc1eff16f1e8ae8065586d191e8dc42f9c89",
    "https://raw.githubusercontent.com/atusy/tsudoi-language-server/e9f6ad2/packages/tsudoi-completion-document/src/filters.ts": "255e2e6319db1e616dc3a89bdc674720139e920f3005de50dec5743eec3bc123",
    "https://raw.githubusercontent.com/atusy/tsudoi-language-server/e9f6ad2/packages/tsudoi-completion-document/src/index.ts": "89014ecf1dd41d7b77a02389636a8356237f715c1aaa06b52f8cc677a08cfbb9",
    "https://raw.githubusercontent.com/atusy/tsudoi-language-server/e9f6ad2/packages/tsudoi-completion-document/src/scanners.ts": "b893e4fa3b235b12ccc1f9c812d191dcf1fd4a92d1bf7b908f486dddd32dbf7f",
    "https://raw.githubusercontent.com/atusy/tsudoi-language-server/e9f6ad2/packages/tsudoi-completion-document/src/words.ts": "85e0f501db2dc88f5abb9e8e6ed3d720f902756a2ae8a32497856e62767fd7c9",
    "https://raw.githubusercontent.com/atusy/tsudoi-language-server/e9f6ad2/packages/tsudoi-completion-path/src/completion.ts": "e7b445ccad6a60d01e83e070886bd247cb1ec20500c3ec8ae3499e93a1cb0a82",
    "https://raw.githubusercontent.com/atusy/tsudoi-language-server/e9f6ad2/packages/tsudoi-completion-path/src/index.ts": "2fd74fdd840852acd3753ed65031b3e71d552c9a0e956e86d0ad7110aae2442a",
    "https://raw.githubusercontent.com/atusy/tsudoi-language-server/e9f6ad2/packages/tsudoi-completion-path/src/resolve.ts": "07c69cad9b8c56f271707fab3acbe7878699ddd46f09d3d4535a5093764a5d7e",
    "https://raw.githubusercontent.com/atusy/tsudoi-language-server/e9f6ad2/packages/tsudoi-hover-wordnet/src/hover.ts": "4d528f2af590f39e5a2044cc054d5f714a341ab17399a882f700014c968ee198",
    "https://raw.githubusercontent.com/atusy/tsudoi-language-server/e9f6ad2/packages/tsudoi-hover-wordnet/src/index.ts": "f834b629b037445a0066bf00b6c91e2459ed24bdf9f9569b56c5e7aa9874512b",
    "https://raw.githubusercontent.com/atusy/tsudoi-language-server/e9f6ad2/packages/tsudoi-language-server/src/cli.ts": "e7eec4e2f64f10ac013453d7599b3d0cfb6e8a2df73f2a5a43f1623de542b355",
    "https://raw.githubusercontent.com/atusy/tsudoi-language-server/e9f6ad2/packages/tsudoi-language-server/src/config.ts": "2403c766a89dae29f2fb7f15dc8886c008b893b886e7a2da535648c57fd12c97",
    "https://raw.githubusercontent.com/atusy/tsudoi-language-server/e9f6ad2/packages/tsudoi-language-server/src/deps/protocol.ts": "55e6b6c783c2f80ae91656762517cf80c409a97786c8d8ac485601fd7a478d2b",
    "https://raw.githubusercontent.com/atusy/tsudoi-language-server/e9f6ad2/packages/tsudoi-language-server/src/deps/types.ts": "4eacb29155f0419de446b6ed955cb326eb05a6205d3ee2602540bb911e64f103",
    "https://raw.githubusercontent.com/atusy/tsudoi-language-server/e9f6ad2/packages/tsudoi-language-server/src/documents.ts": "052f9b7966f5f2de4dfcbf4f9e1b7cd2b2add8c074c37cda99dee6127fc70402",
    "https://raw.githubusercontent.com/atusy/tsudoi-language-server/e9f6ad2/packages/tsudoi-language-server/src/lifecycle.ts": "4bfb5da54b340d2927d09687020334098e1277c157abd3fc0f7da2b4e12f38bf",
    "https://raw.githubusercontent.com/atusy/tsudoi-language-server/e9f6ad2/packages/tsudoi-language-server/src/methods.ts": "42ca443c768e285352580fa4a690e6307d07985bba97b9660e452f4ccfa0a1d0",
    "https://raw.githubusercontent.com/atusy/tsudoi-language-server/e9f6ad2/packages/tsudoi-language-server/src/notifications.ts": "e5cfa106742b2606438b0bada6494c905093a53401684791b37ad408bbffdedb",
    "https://raw.githubusercontent.com/atusy/tsudoi-language-server/e9f6ad2/packages/tsudoi-language-server/src/server.ts": "b04c41b8f7eabd56ca4a34be967945d600b00af4fc46c0bdc7f417047e2f6630",
    "https://raw.githubusercontent.com/atusy/tsudoi-language-server/e9f6ad2/packages/tsudoi-language-server/src/tsudoi.ts": "cf054d3f2a2781f5b8ad7f239588f4d0d4b942ced427fb9f5d5879cc83b8bd60",
    "https://raw.githubusercontent.com/atusy/tsudoi-language-server/e9f6ad2/packages/tsudoi-language-server/src/types.ts": "77894adf45fe92f9629d8e6514dc46fddc911d4f0d6570cb8ed2a40a42b4b500",
    "https://raw.githubusercontent.com/atusy/tsudoi-language-server/e9f6ad2/packages/tsudoi-language-server/src/watchdog.ts": "c3ed7d0e04eef237fe00bee771684b0801b633e4903bf0a6edd2f199559f86e7",
    "https://raw.githubusercontent.com/atusy/tsudoi-language-server/e9f6ad2/packages/tsudoi-language-server/src/workspace.ts": "8170dc3e2c3eba39b4bc152f52169394119f56dbf22da371821cbf642093a4cb"
  },
  "workspace": {
    "dependencies": [
      "jsr:@std/assert@^1.0.14",
      "npm:vscode-languageserver-protocol@^3.18.2",
      "npm:vscode-languageserver-textdocument@^1.0.12",
      "npm:vscode-languageserver-types@^3.18.0",
      "npm:wordnet@2"
    ]
  }
}
