{
  "version": "5",
  "specifiers": {
    "npm:vscode-languageserver-protocol@^3.17.5": "3.18.2",
    "npm:vscode-languageserver-textdocument@^1.0.12": "1.0.12",
    "npm:vscode-languageserver-types@^3.18.0": "3.18.0",
    "npm:wordnet@2": "2.0.0"
  },
  "npm": {
    "vscode-jsonrpc@9.0.1": {
      "integrity": "sha512-rfuA6T75H6m5EkbhtEPzre9pT0HPcDI2MMy4+nPFIBks5J8JBAUHD4tRYSgaBOijIEC7SRkC1kKyXTLqbmh9jw=="
    },
    "vscode-languageserver-protocol@3.18.2": {
      "integrity": "sha512-XRyDbT0Pp3sSNti3JmxVEUMySWCSi1hhM+/KUlCy1hV1zmrqpM1OwO12EAki8blhmLuIMpaJrYbo0OzGVfK2Qg==",
      "dependencies": [
        "vscode-jsonrpc",
        "vscode-languageserver-types"
      ]
    },
    "vscode-languageserver-textdocument@1.0.12": {
      "integrity": "sha512-cxWNPesCnQCcMPeenjKKsOCKQZ/L6Tv19DTRIGuLWe32lyzWhihGVJ/rcckZXJxfdKCFvRLS3fpBIsV/ZGX4zA=="
    },
    "vscode-languageserver-types@3.18.0": {
      "integrity": "sha512-8TsGPNMIMiiBdkORgRSvLjuiEIiAFtO+KssmYWxQ+uSVvlf7RjK8YKCOjPzZ+YA04jXEV7+7LvkSmHkhpNS99g=="
    },
    "wordnet@2.0.0": {
      "integrity": "sha512-VQOEUBHU6drwXGQx37bVaRqi042IZ8NwJiT9qLtM2x1QzqgIJIRoyZa++rWrUvICK+tYz9ttfYFk1c8IiN6DVQ=="
    }
  },
  "remote": {
    "https://raw.githubusercontent.com/atusy/tsudoi-language-server/14c189e803a401e59bfcfd6a3fc6364eca7b37bf/packages/tsudoi-completion-path/src/completion.ts": "ee6587f3d10472d59b636911dad62e89e8963b544547e763f2ddb02cb82dd5c9",
    "https://raw.githubusercontent.com/atusy/tsudoi-language-server/14c189e803a401e59bfcfd6a3fc6364eca7b37bf/packages/tsudoi-completion-path/src/index.ts": "64fbf76e6956206a031f3fc4b26c0057c1bba1ca8d3c553db82ae61ad28d20cb",
    "https://raw.githubusercontent.com/atusy/tsudoi-language-server/14c189e803a401e59bfcfd6a3fc6364eca7b37bf/packages/tsudoi-completion-path/src/resolve.ts": "07c69cad9b8c56f271707fab3acbe7878699ddd46f09d3d4535a5093764a5d7e",
    "https://raw.githubusercontent.com/atusy/tsudoi-language-server/14c189e803a401e59bfcfd6a3fc6364eca7b37bf/packages/tsudoi-hover-wordnet/src/hover.ts": "4d528f2af590f39e5a2044cc054d5f714a341ab17399a882f700014c968ee198",
    "https://raw.githubusercontent.com/atusy/tsudoi-language-server/14c189e803a401e59bfcfd6a3fc6364eca7b37bf/packages/tsudoi-hover-wordnet/src/index.ts": "f834b629b037445a0066bf00b6c91e2459ed24bdf9f9569b56c5e7aa9874512b",
    "https://raw.githubusercontent.com/atusy/tsudoi-language-server/14c189e803a401e59bfcfd6a3fc6364eca7b37bf/packages/tsudoi-language-server/src/cli.ts": "e7eec4e2f64f10ac013453d7599b3d0cfb6e8a2df73f2a5a43f1623de542b355",
    "https://raw.githubusercontent.com/atusy/tsudoi-language-server/14c189e803a401e59bfcfd6a3fc6364eca7b37bf/packages/tsudoi-language-server/src/config.ts": "49940bbfe4cf484493c259be2c4e4a0eecaa091dbb4ed8b0cbc22241d2afc656",
    "https://raw.githubusercontent.com/atusy/tsudoi-language-server/14c189e803a401e59bfcfd6a3fc6364eca7b37bf/packages/tsudoi-language-server/src/deps/protocol.ts": "55e6b6c783c2f80ae91656762517cf80c409a97786c8d8ac485601fd7a478d2b",
    "https://raw.githubusercontent.com/atusy/tsudoi-language-server/14c189e803a401e59bfcfd6a3fc6364eca7b37bf/packages/tsudoi-language-server/src/deps/types.ts": "4eacb29155f0419de446b6ed955cb326eb05a6205d3ee2602540bb911e64f103",
    "https://raw.githubusercontent.com/atusy/tsudoi-language-server/14c189e803a401e59bfcfd6a3fc6364eca7b37bf/packages/tsudoi-language-server/src/documents.ts": "052f9b7966f5f2de4dfcbf4f9e1b7cd2b2add8c074c37cda99dee6127fc70402",
    "https://raw.githubusercontent.com/atusy/tsudoi-language-server/14c189e803a401e59bfcfd6a3fc6364eca7b37bf/packages/tsudoi-language-server/src/lifecycle.ts": "4bfb5da54b340d2927d09687020334098e1277c157abd3fc0f7da2b4e12f38bf",
    "https://raw.githubusercontent.com/atusy/tsudoi-language-server/14c189e803a401e59bfcfd6a3fc6364eca7b37bf/packages/tsudoi-language-server/src/methods.ts": "b3c55f5b9da51076a783e93b403557bdceca4c3bc3aeb6334a0a358d165986e8",
    "https://raw.githubusercontent.com/atusy/tsudoi-language-server/14c189e803a401e59bfcfd6a3fc6364eca7b37bf/packages/tsudoi-language-server/src/notifications.ts": "fc5816bd59920e467f066acb774f504a6bb22fd701cf1d308f2825467375c47d",
    "https://raw.githubusercontent.com/atusy/tsudoi-language-server/14c189e803a401e59bfcfd6a3fc6364eca7b37bf/packages/tsudoi-language-server/src/server.ts": "5951381b111a8e7e039d28f9ac134bf1a5fe5083fccb3594fabe15ed8b022f49",
    "https://raw.githubusercontent.com/atusy/tsudoi-language-server/14c189e803a401e59bfcfd6a3fc6364eca7b37bf/packages/tsudoi-language-server/src/tsudoi.ts": "a28b35dfa3c512e9a4cc434e825a63a7ace54e31e40df266d9b92be6d282ffcf",
    "https://raw.githubusercontent.com/atusy/tsudoi-language-server/14c189e803a401e59bfcfd6a3fc6364eca7b37bf/packages/tsudoi-language-server/src/types.ts": "141e01d3bcf72ef45a6c38ccda08f4c614076c3a051f5928a8e3e3c3bab285b8",
    "https://raw.githubusercontent.com/atusy/tsudoi-language-server/14c189e803a401e59bfcfd6a3fc6364eca7b37bf/packages/tsudoi-language-server/src/workspace.ts": "8170dc3e2c3eba39b4bc152f52169394119f56dbf22da371821cbf642093a4cb",
    "https://raw.githubusercontent.com/atusy/tsudoi-language-server/30effd8/packages/tsudoi-completion-around/src/around.ts": "3a85fc794293736b68f0c2529f81640bdfe4f903c2bbb85cf08419312b7b03bb",
    "https://raw.githubusercontent.com/atusy/tsudoi-language-server/30effd8/packages/tsudoi-completion-around/src/completion.ts": "c2cee74e49699b40711724d4c5c069cacd8b9508403831da58df9d5d4bccf64c",
    "https://raw.githubusercontent.com/atusy/tsudoi-language-server/30effd8/packages/tsudoi-completion-around/src/index.ts": "6114f5150b38a939d2140b8fb0a3a9f1389bd61db18b09efc1406f90afd49511",
    "https://raw.githubusercontent.com/atusy/tsudoi-language-server/30effd8/packages/tsudoi-completion-path/src/completion.ts": "ee6587f3d10472d59b636911dad62e89e8963b544547e763f2ddb02cb82dd5c9",
    "https://raw.githubusercontent.com/atusy/tsudoi-language-server/30effd8/packages/tsudoi-completion-path/src/index.ts": "64fbf76e6956206a031f3fc4b26c0057c1bba1ca8d3c553db82ae61ad28d20cb",
    "https://raw.githubusercontent.com/atusy/tsudoi-language-server/30effd8/packages/tsudoi-completion-path/src/resolve.ts": "07c69cad9b8c56f271707fab3acbe7878699ddd46f09d3d4535a5093764a5d7e",
    "https://raw.githubusercontent.com/atusy/tsudoi-language-server/30effd8/packages/tsudoi-hover-wordnet/src/hover.ts": "4d528f2af590f39e5a2044cc054d5f714a341ab17399a882f700014c968ee198",
    "https://raw.githubusercontent.com/atusy/tsudoi-language-server/30effd8/packages/tsudoi-hover-wordnet/src/index.ts": "f834b629b037445a0066bf00b6c91e2459ed24bdf9f9569b56c5e7aa9874512b",
    "https://raw.githubusercontent.com/atusy/tsudoi-language-server/30effd8/packages/tsudoi-language-server/src/cli.ts": "e7eec4e2f64f10ac013453d7599b3d0cfb6e8a2df73f2a5a43f1623de542b355",
    "https://raw.githubusercontent.com/atusy/tsudoi-language-server/30effd8/packages/tsudoi-language-server/src/config.ts": "49940bbfe4cf484493c259be2c4e4a0eecaa091dbb4ed8b0cbc22241d2afc656",
    "https://raw.githubusercontent.com/atusy/tsudoi-language-server/30effd8/packages/tsudoi-language-server/src/deps/protocol.ts": "55e6b6c783c2f80ae91656762517cf80c409a97786c8d8ac485601fd7a478d2b",
    "https://raw.githubusercontent.com/atusy/tsudoi-language-server/30effd8/packages/tsudoi-language-server/src/deps/types.ts": "4eacb29155f0419de446b6ed955cb326eb05a6205d3ee2602540bb911e64f103",
    "https://raw.githubusercontent.com/atusy/tsudoi-language-server/30effd8/packages/tsudoi-language-server/src/documents.ts": "052f9b7966f5f2de4dfcbf4f9e1b7cd2b2add8c074c37cda99dee6127fc70402",
    "https://raw.githubusercontent.com/atusy/tsudoi-language-server/30effd8/packages/tsudoi-language-server/src/lifecycle.ts": "4bfb5da54b340d2927d09687020334098e1277c157abd3fc0f7da2b4e12f38bf",
    "https://raw.githubusercontent.com/atusy/tsudoi-language-server/30effd8/packages/tsudoi-language-server/src/methods.ts": "b3c55f5b9da51076a783e93b403557bdceca4c3bc3aeb6334a0a358d165986e8",
    "https://raw.githubusercontent.com/atusy/tsudoi-language-server/30effd8/packages/tsudoi-language-server/src/notifications.ts": "fc5816bd59920e467f066acb774f504a6bb22fd701cf1d308f2825467375c47d",
    "https://raw.githubusercontent.com/atusy/tsudoi-language-server/30effd8/packages/tsudoi-language-server/src/server.ts": "65009e7daacbbc5d3a2a1ee8b60f25aaff10b85a3853ee9075d27563050d154e",
    "https://raw.githubusercontent.com/atusy/tsudoi-language-server/30effd8/packages/tsudoi-language-server/src/tsudoi.ts": "cf054d3f2a2781f5b8ad7f239588f4d0d4b942ced427fb9f5d5879cc83b8bd60",
    "https://raw.githubusercontent.com/atusy/tsudoi-language-server/30effd8/packages/tsudoi-language-server/src/types.ts": "1edde63abb62971dca8d981c18705e2c26cd74da2b2145dc2a75672305044055",
    "https://raw.githubusercontent.com/atusy/tsudoi-language-server/30effd8/packages/tsudoi-language-server/src/watchdog.ts": "c3ed7d0e04eef237fe00bee771684b0801b633e4903bf0a6edd2f199559f86e7",
    "https://raw.githubusercontent.com/atusy/tsudoi-language-server/30effd8/packages/tsudoi-language-server/src/workspace.ts": "8170dc3e2c3eba39b4bc152f52169394119f56dbf22da371821cbf642093a4cb",
    "https://raw.githubusercontent.com/atusy/tsudoi-language-server/8470311/packages/tsudoi-completion-around/src/around.ts": "c61b9557ca11152ba31f5a6d496d7a3caaaf690ebeb9c94519167ccdf6011c5e",
    "https://raw.githubusercontent.com/atusy/tsudoi-language-server/8470311/packages/tsudoi-completion-around/src/completion.ts": "5bd8e18764cdb88cee8771ea0fb7d1ed90b1a92d079ce383a46b1b0ecafda8ca",
    "https://raw.githubusercontent.com/atusy/tsudoi-language-server/8470311/packages/tsudoi-completion-around/src/index.ts": "b4e2e71dac2c70fca8ce2436e6142b8500e761fbf7f28e09fe007a9cb1483579",
    "https://raw.githubusercontent.com/atusy/tsudoi-language-server/8470311/packages/tsudoi-completion-path/src/completion.ts": "e7b445ccad6a60d01e83e070886bd247cb1ec20500c3ec8ae3499e93a1cb0a82",
    "https://raw.githubusercontent.com/atusy/tsudoi-language-server/8470311/packages/tsudoi-completion-path/src/index.ts": "2fd74fdd840852acd3753ed65031b3e71d552c9a0e956e86d0ad7110aae2442a",
    "https://raw.githubusercontent.com/atusy/tsudoi-language-server/8470311/packages/tsudoi-completion-path/src/resolve.ts": "07c69cad9b8c56f271707fab3acbe7878699ddd46f09d3d4535a5093764a5d7e",
    "https://raw.githubusercontent.com/atusy/tsudoi-language-server/8470311/packages/tsudoi-hover-wordnet/src/hover.ts": "4d528f2af590f39e5a2044cc054d5f714a341ab17399a882f700014c968ee198",
    "https://raw.githubusercontent.com/atusy/tsudoi-language-server/8470311/packages/tsudoi-hover-wordnet/src/index.ts": "f834b629b037445a0066bf00b6c91e2459ed24bdf9f9569b56c5e7aa9874512b",
    "https://raw.githubusercontent.com/atusy/tsudoi-language-server/8470311/packages/tsudoi-language-server/src/cli.ts": "e7eec4e2f64f10ac013453d7599b3d0cfb6e8a2df73f2a5a43f1623de542b355",
    "https://raw.githubusercontent.com/atusy/tsudoi-language-server/8470311/packages/tsudoi-language-server/src/config.ts": "49940bbfe4cf484493c259be2c4e4a0eecaa091dbb4ed8b0cbc22241d2afc656",
    "https://raw.githubusercontent.com/atusy/tsudoi-language-server/8470311/packages/tsudoi-language-server/src/deps/protocol.ts": "55e6b6c783c2f80ae91656762517cf80c409a97786c8d8ac485601fd7a478d2b",
    "https://raw.githubusercontent.com/atusy/tsudoi-language-server/8470311/packages/tsudoi-language-server/src/deps/types.ts": "4eacb29155f0419de446b6ed955cb326eb05a6205d3ee2602540bb911e64f103",
    "https://raw.githubusercontent.com/atusy/tsudoi-language-server/8470311/packages/tsudoi-language-server/src/documents.ts": "052f9b7966f5f2de4dfcbf4f9e1b7cd2b2add8c074c37cda99dee6127fc70402",
    "https://raw.githubusercontent.com/atusy/tsudoi-language-server/8470311/packages/tsudoi-language-server/src/lifecycle.ts": "4bfb5da54b340d2927d09687020334098e1277c157abd3fc0f7da2b4e12f38bf",
    "https://raw.githubusercontent.com/atusy/tsudoi-language-server/8470311/packages/tsudoi-language-server/src/methods.ts": "b3c55f5b9da51076a783e93b403557bdceca4c3bc3aeb6334a0a358d165986e8",
    "https://raw.githubusercontent.com/atusy/tsudoi-language-server/8470311/packages/tsudoi-language-server/src/notifications.ts": "fc5816bd59920e467f066acb774f504a6bb22fd701cf1d308f2825467375c47d",
    "https://raw.githubusercontent.com/atusy/tsudoi-language-server/8470311/packages/tsudoi-language-server/src/server.ts": "65009e7daacbbc5d3a2a1ee8b60f25aaff10b85a3853ee9075d27563050d154e",
    "https://raw.githubusercontent.com/atusy/tsudoi-language-server/8470311/packages/tsudoi-language-server/src/tsudoi.ts": "cf054d3f2a2781f5b8ad7f239588f4d0d4b942ced427fb9f5d5879cc83b8bd60",
    "https://raw.githubusercontent.com/atusy/tsudoi-language-server/8470311/packages/tsudoi-language-server/src/types.ts": "1edde63abb62971dca8d981c18705e2c26cd74da2b2145dc2a75672305044055",
    "https://raw.githubusercontent.com/atusy/tsudoi-language-server/8470311/packages/tsudoi-language-server/src/watchdog.ts": "c3ed7d0e04eef237fe00bee771684b0801b633e4903bf0a6edd2f199559f86e7",
    "https://raw.githubusercontent.com/atusy/tsudoi-language-server/8470311/packages/tsudoi-language-server/src/workspace.ts": "8170dc3e2c3eba39b4bc152f52169394119f56dbf22da371821cbf642093a4cb"
  },
  "workspace": {
    "dependencies": [
      "npm:vscode-languageserver-protocol@^3.17.5",
      "npm:vscode-languageserver-textdocument@^1.0.12",
      "npm:vscode-languageserver-types@^3.18.0",
      "npm:wordnet@2"
    ]
  }
}
